
Microsoft Visual Studio Solution File, Format Version 12.00
# Visual Studio 15
VisualStudioVersion = 15.0.26020.0
MinimumVisualStudioVersion = 10.0.40219.1
Project("{FAE04EC0-301F-11D3-BF4B-00C04F79EFBC}") = "FRC Driver Station Interface", "FRC Driver Station Interface\FRC Driver Station Interface.csproj", "{B71DECD5-20A1-478E-89C2-E2FDF556F21C}"
EndProject
Project("{FAE04EC0-301F-11D3-BF4B-00C04F79EFBC}") = "Robot Communication Interface", "Robot Communication Interface\Robot Communication Interface.csproj", "{D6932C97-1A10-48B2-80B0-04EE451C6B5D}"
EndProject
Project("{2150E333-8FDC-42A3-9474-1A3956D46DE8}") = "Components", "Components", "{E5D383AB-6EA6-4C20-BB89-69A4B49F76F0}"
EndProject
Project("{FAE04EC0-301F-11D3-BF4B-00C04F79EFBC}") = "Autonomous Selector", "Autonomous Selector\Autonomous Selector.csproj", "{97B33714-CAC9-4D97-B5F2-23C801E452E0}"
EndProject
Project("{FAE04EC0-301F-11D3-BF4B-00C04F79EFBC}") = "Climber Current Display", "Climber Current Display\Climber Current Display.csproj", "{B5022766-3702-4CC5-956D-9DC259FF1B6D}"
EndProject
Project("{2150E333-8FDC-42A3-9474-1A3956D46DE8}") = "Testing", "Testing", "{B9B562DC-D304-42AF-845F-D99832CA650C}"
EndProject
Project("{FAE04EC0-301F-11D3-BF4B-00C04F79EFBC}") = "Graph Test", "Graph Test\Graph Test.csproj", "{616E4FEA-4FB2-4623-8403-F7AFFB6B3E02}"
EndProject
Project("{FAE04EC0-301F-11D3-BF4B-00C04F79EFBC}") = "Custom User Interface Elements", "Custom User Interface Elements\Custom User Interface Elements.csproj", "{B04CF7F7-0AEB-4F64-99B0-5F4667214714}"
EndProject
Global
	GlobalSection(SolutionConfigurationPlatforms) = preSolution
		Debug|Any CPU = Debug|Any CPU
		Release|Any CPU = Release|Any CPU
	EndGlobalSection
	GlobalSection(ProjectConfigurationPlatforms) = postSolution
		{B71DECD5-20A1-478E-89C2-E2FDF556F21C}.Debug|Any CPU.ActiveCfg = Debug|Any CPU
		{B71DECD5-20A1-478E-89C2-E2FDF556F21C}.Debug|Any CPU.Build.0 = Debug|Any CPU
		{B71DECD5-20A1-478E-89C2-E2FDF556F21C}.Release|Any CPU.ActiveCfg = Release|Any CPU
		{B71DECD5-20A1-478E-89C2-E2FDF556F21C}.Release|Any CPU.Build.0 = Release|Any CPU
		{D6932C97-1A10-48B2-80B0-04EE451C6B5D}.Debug|Any CPU.ActiveCfg = Debug|Any CPU
		{D6932C97-1A10-48B2-80B0-04EE451C6B5D}.Debug|Any CPU.Build.0 = Debug|Any CPU
		{D6932C97-1A10-48B2-80B0-04EE451C6B5D}.Release|Any CPU.ActiveCfg = Release|Any CPU
		{D6932C97-1A10-48B2-80B0-04EE451C6B5D}.Release|Any CPU.Build.0 = Release|Any CPU
		{97B33714-CAC9-4D97-B5F2-23C801E452E0}.Debug|Any CPU.ActiveCfg = Debug|Any CPU
		{97B33714-CAC9-4D97-B5F2-23C801E452E0}.Debug|Any CPU.Build.0 = Debug|Any CPU
		{97B33714-CAC9-4D97-B5F2-23C801E452E0}.Release|Any CPU.ActiveCfg = Release|Any CPU
		{97B33714-CAC9-4D97-B5F2-23C801E452E0}.Release|Any CPU.Build.0 = Release|Any CPU
		{B5022766-3702-4CC5-956D-9DC259FF1B6D}.Debug|Any CPU.ActiveCfg = Debug|Any CPU
		{B5022766-3702-4CC5-956D-9DC259FF1B6D}.Debug|Any CPU.Build.0 = Debug|Any CPU
		{B5022766-3702-4CC5-956D-9DC259FF1B6D}.Release|Any CPU.ActiveCfg = Release|Any CPU
		{B5022766-3702-4CC5-956D-9DC259FF1B6D}.Release|Any CPU.Build.0 = Release|Any CPU
		{616E4FEA-4FB2-4623-8403-F7AFFB6B3E02}.Debug|Any CPU.ActiveCfg = Debug|Any CPU
		{616E4FEA-4FB2-4623-8403-F7AFFB6B3E02}.Debug|Any CPU.Build.0 = Debug|Any CPU
		{616E4FEA-4FB2-4623-8403-F7AFFB6B3E02}.Release|Any CPU.ActiveCfg = Release|Any CPU
		{616E4FEA-4FB2-4623-8403-F7AFFB6B3E02}.Release|Any CPU.Build.0 = Release|Any CPU
		{B04CF7F7-0AEB-4F64-99B0-5F4667214714}.Debug|Any CPU.ActiveCfg = Debug|Any CPU
		{B04CF7F7-0AEB-4F64-99B0-5F4667214714}.Debug|Any CPU.Build.0 = Debug|Any CPU
		{B04CF7F7-0AEB-4F64-99B0-5F4667214714}.Release|Any CPU.ActiveCfg = Release|Any CPU
		{B04CF7F7-0AEB-4F64-99B0-5F4667214714}.Release|Any CPU.Build.0 = Release|Any CPU
	EndGlobalSection
	GlobalSection(SolutionProperties) = preSolution
		HideSolutionNode = FALSE
	EndGlobalSection
	GlobalSection(NestedProjects) = preSolution
		{97B33714-CAC9-4D97-B5F2-23C801E452E0} = {E5D383AB-6EA6-4C20-BB89-69A4B49F76F0}
		{B5022766-3702-4CC5-956D-9DC259FF1B6D} = {E5D383AB-6EA6-4C20-BB89-69A4B49F76F0}
		{616E4FEA-4FB2-4623-8403-F7AFFB6B3E02} = {B9B562DC-D304-42AF-845F-D99832CA650C}
	EndGlobalSection
EndGlobal
